
Microsoft Visual Studio Solution File, Format Version 12.00
# Visual Studio Version 16
VisualStudioVersion = 16.0.30804.86
MinimumVisualStudioVersion = 10.0.40219.1
Project("{FAE04EC0-301F-11D3-BF4B-00C04F79EFBC}") = "Datos", "Datos\Datos.csproj", "{FCD9CF2A-4BAB-44AD-9290-E159DCAC5047}"
EndProject
Project("{FAE04EC0-301F-11D3-BF4B-00C04F79EFBC}") = "Modelo", "Modelo\Modelo.csproj", "{2C16AD3F-2B53-4381-A041-5316F6934901}"
EndProject
Project("{FAE04EC0-301F-11D3-BF4B-00C04F79EFBC}") = "Logica", "Logica\Logica.csproj", "{C215E471-41E9-48D0-8C0F-BC7BED5F6A03}"
EndProject
Project("{FAE04EC0-301F-11D3-BF4B-00C04F79EFBC}") = "Utilidades", "Utilidades\Utilidades.csproj", "{81205968-B48C-4BF5-B03B-5D5EA07852E8}"
EndProject
Project("{9A19103F-16F7-4668-BE54-9A1E7A4F7556}") = "app.api", "app.api\app.api.csproj", "{66189E5F-158B-492B-9048-4C283B275276}"
EndProject
Global
	GlobalSection(SolutionConfigurationPlatforms) = preSolution
		Debug|Any CPU = Debug|Any CPU
		Release|Any CPU = Release|Any CPU
	EndGlobalSection
	GlobalSection(ProjectConfigurationPlatforms) = postSolution
		{FCD9CF2A-4BAB-44AD-9290-E159DCAC5047}.Debug|Any CPU.ActiveCfg = Debug|Any CPU
		{FCD9CF2A-4BAB-44AD-9290-E159DCAC5047}.Debug|Any CPU.Build.0 = Debug|Any CPU
		{FCD9CF2A-4BAB-44AD-9290-E159DCAC5047}.Release|Any CPU.ActiveCfg = Release|Any CPU
		{FCD9CF2A-4BAB-44AD-9290-E159DCAC5047}.Release|Any CPU.Build.0 = Release|Any CPU
		{2C16AD3F-2B53-4381-A041-5316F6934901}.Debug|Any CPU.ActiveCfg = Debug|Any CPU
		{2C16AD3F-2B53-4381-A041-5316F6934901}.Debug|Any CPU.Build.0 = Debug|Any CPU
		{2C16AD3F-2B53-4381-A041-5316F6934901}.Release|Any CPU.ActiveCfg = Release|Any CPU
		{2C16AD3F-2B53-4381-A041-5316F6934901}.Release|Any CPU.Build.0 = Release|Any CPU
		{C215E471-41E9-48D0-8C0F-BC7BED5F6A03}.Debug|Any CPU.ActiveCfg = Debug|Any CPU
		{C215E471-41E9-48D0-8C0F-BC7BED5F6A03}.Debug|Any CPU.Build.0 = Debug|Any CPU
		{C215E471-41E9-48D0-8C0F-BC7BED5F6A03}.Release|Any CPU.ActiveCfg = Release|Any CPU
		{C215E471-41E9-48D0-8C0F-BC7BED5F6A03}.Release|Any CPU.Build.0 = Release|Any CPU
		{81205968-B48C-4BF5-B03B-5D5EA07852E8}.Debug|Any CPU.ActiveCfg = Debug|Any CPU
		{81205968-B48C-4BF5-B03B-5D5EA07852E8}.Debug|Any CPU.Build.0 = Debug|Any CPU
		{81205968-B48C-4BF5-B03B-5D5EA07852E8}.Release|Any CPU.ActiveCfg = Release|Any CPU
		{81205968-B48C-4BF5-B03B-5D5EA07852E8}.Release|Any CPU.Build.0 = Release|Any CPU
		{66189E5F-158B-492B-9048-4C283B275276}.Debug|Any CPU.ActiveCfg = Debug|Any CPU
		{66189E5F-158B-492B-9048-4C283B275276}.Debug|Any CPU.Build.0 = Debug|Any CPU
		{66189E5F-158B-492B-9048-4C283B275276}.Release|Any CPU.ActiveCfg = Release|Any CPU
		{66189E5F-158B-492B-9048-4C283B275276}.Release|Any CPU.Build.0 = Release|Any CPU
	EndGlobalSection
	GlobalSection(SolutionProperties) = preSolution
		HideSolutionNode = FALSE
	EndGlobalSection
	GlobalSection(ExtensibilityGlobals) = postSolution
		SolutionGuid = {DA35AF2F-F78D-474E-9322-7D69C27D2B19}
	EndGlobalSection
EndGlobal
